
Microsoft Visual Studio Solution File, Format Version 12.00
# Visual Studio Version 17
VisualStudioVersion = 17.14.36202.13
MinimumVisualStudioVersion = 10.0.40219.1
Project("{2150E333-8FDC-42A3-9474-1A3956D46DE8}") = "src", "src", "{02EA681E-C7D8-13C7-8484-4AC65E1B71E8}"
EndProject
Project("{2150E333-8FDC-42A3-9474-1A3956D46DE8}") = "Backend", "Backend", "{EFC1F722-4390-49D6-8D8C-FC6671470919}"
EndProject
Project("{FAE04EC0-301F-11D3-BF4B-00C04F79EFBC}") = "Zeal.Domain", "src\Backend\Zeal.Domain\Zeal.Domain.csproj", "{6E5D9566-0D34-49BB-88C6-4054FEED6837}"
EndProject
Project("{FAE04EC0-301F-11D3-BF4B-00C04F79EFBC}") = "Zeal.Infra", "src\Backend\Zeal.Infra\Zeal.Infra.csproj", "{053D4D2B-E3D4-4518-8842-F3597290500D}"
EndProject
Project("{FAE04EC0-301F-11D3-BF4B-00C04F79EFBC}") = "Zeal.Application", "src\Backend\Zeal.Application\Zeal.Application.csproj", "{54F1E07C-8EA0-4C83-A22D-ECB8B8883D3E}"
EndProject
Project("{FAE04EC0-301F-11D3-BF4B-00C04F79EFBC}") = "Zeal.API", "src\Backend\Zeal.API\Zeal.API.csproj", "{FE9C06D8-B25D-492C-9255-17F87BE32CA3}"
EndProject
Global
	GlobalSection(SolutionConfigurationPlatforms) = preSolution
		Debug|Any CPU = Debug|Any CPU
		Release|Any CPU = Release|Any CPU
	EndGlobalSection
	GlobalSection(ProjectConfigurationPlatforms) = postSolution
		{6E5D9566-0D34-49BB-88C6-4054FEED6837}.Debug|Any CPU.ActiveCfg = Debug|Any CPU
		{6E5D9566-0D34-49BB-88C6-4054FEED6837}.Debug|Any CPU.Build.0 = Debug|Any CPU
		{6E5D9566-0D34-49BB-88C6-4054FEED6837}.Release|Any CPU.ActiveCfg = Release|Any CPU
		{6E5D9566-0D34-49BB-88C6-4054FEED6837}.Release|Any CPU.Build.0 = Release|Any CPU
		{053D4D2B-E3D4-4518-8842-F3597290500D}.Debug|Any CPU.ActiveCfg = Debug|Any CPU
		{053D4D2B-E3D4-4518-8842-F3597290500D}.Debug|Any CPU.Build.0 = Debug|Any CPU
		{053D4D2B-E3D4-4518-8842-F3597290500D}.Release|Any CPU.ActiveCfg = Release|Any CPU
		{053D4D2B-E3D4-4518-8842-F3597290500D}.Release|Any CPU.Build.0 = Release|Any CPU
		{54F1E07C-8EA0-4C83-A22D-ECB8B8883D3E}.Debug|Any CPU.ActiveCfg = Debug|Any CPU
		{54F1E07C-8EA0-4C83-A22D-ECB8B8883D3E}.Debug|Any CPU.Build.0 = Debug|Any CPU
		{54F1E07C-8EA0-4C83-A22D-ECB8B8883D3E}.Release|Any CPU.ActiveCfg = Release|Any CPU
		{54F1E07C-8EA0-4C83-A22D-ECB8B8883D3E}.Release|Any CPU.Build.0 = Release|Any CPU
		{FE9C06D8-B25D-492C-9255-17F87BE32CA3}.Debug|Any CPU.ActiveCfg = Debug|Any CPU
		{FE9C06D8-B25D-492C-9255-17F87BE32CA3}.Debug|Any CPU.Build.0 = Debug|Any CPU
		{FE9C06D8-B25D-492C-9255-17F87BE32CA3}.Release|Any CPU.ActiveCfg = Release|Any CPU
		{FE9C06D8-B25D-492C-9255-17F87BE32CA3}.Release|Any CPU.Build.0 = Release|Any CPU
	EndGlobalSection
	GlobalSection(SolutionProperties) = preSolution
		HideSolutionNode = FALSE
	EndGlobalSection
	GlobalSection(NestedProjects) = preSolution
		{EFC1F722-4390-49D6-8D8C-FC6671470919} = {02EA681E-C7D8-13C7-8484-4AC65E1B71E8}
		{6E5D9566-0D34-49BB-88C6-4054FEED6837} = {EFC1F722-4390-49D6-8D8C-FC6671470919}
		{053D4D2B-E3D4-4518-8842-F3597290500D} = {EFC1F722-4390-49D6-8D8C-FC6671470919}
		{54F1E07C-8EA0-4C83-A22D-ECB8B8883D3E} = {EFC1F722-4390-49D6-8D8C-FC6671470919}
		{FE9C06D8-B25D-492C-9255-17F87BE32CA3} = {EFC1F722-4390-49D6-8D8C-FC6671470919}
	EndGlobalSection
	GlobalSection(ExtensibilityGlobals) = postSolution
		SolutionGuid = {2C8A40D9-55A4-4225-8BF0-F64AD4ACB1DC}
	EndGlobalSection
EndGlobal
