
Microsoft Visual Studio Solution File, Format Version 12.00
# Visual Studio Version 17
VisualStudioVersion = 17.14.36202.13
MinimumVisualStudioVersion = 10.0.40219.1
Project("{2150E333-8FDC-42A3-9474-1A3956D46DE8}") = "src", "src", "{02EA681E-C7D8-13C7-8484-4AC65E1B71E8}"
EndProject
Project("{2150E333-8FDC-42A3-9474-1A3956D46DE8}") = "Backend", "Backend", "{EFC1F722-4390-49D6-8D8C-FC6671470919}"
EndProject
Project("{FAE04EC0-301F-11D3-BF4B-00C04F79EFBC}") = "Zeal.API", "src\Backend\Zeal.API\Zeal.API\Zeal.API.csproj", "{B28BFEFC-E167-41C6-822A-A3889BF41DD2}"
EndProject
Project("{FAE04EC0-301F-11D3-BF4B-00C04F79EFBC}") = "Zeal.Infra", "src\Backend\Zeal.Infra\Zeal.Infra\Zeal.Infra.csproj", "{CD960150-F0BE-4A6F-A06E-731EBE7ACEE6}"
EndProject
Project("{FAE04EC0-301F-11D3-BF4B-00C04F79EFBC}") = "Zeal.Application", "src\Backend\Zeal.Application\Zeal.Application\Zeal.Application.csproj", "{25B71863-698D-4B83-B831-6DA9B8FF9E87}"
EndProject
Project("{FAE04EC0-301F-11D3-BF4B-00C04F79EFBC}") = "Zeal.Domain", "src\Backend\Zeal.Domain\Zeal.Domain\Zeal.Domain.csproj", "{3BD6CF62-E98F-404E-BF81-52A3C4EB6463}"
EndProject
Global
	GlobalSection(SolutionConfigurationPlatforms) = preSolution
		Debug|Any CPU = Debug|Any CPU
		Release|Any CPU = Release|Any CPU
	EndGlobalSection
	GlobalSection(ProjectConfigurationPlatforms) = postSolution
		{B28BFEFC-E167-41C6-822A-A3889BF41DD2}.Debug|Any CPU.ActiveCfg = Debug|Any CPU
		{B28BFEFC-E167-41C6-822A-A3889BF41DD2}.Debug|Any CPU.Build.0 = Debug|Any CPU
		{B28BFEFC-E167-41C6-822A-A3889BF41DD2}.Release|Any CPU.ActiveCfg = Release|Any CPU
		{B28BFEFC-E167-41C6-822A-A3889BF41DD2}.Release|Any CPU.Build.0 = Release|Any CPU
		{CD960150-F0BE-4A6F-A06E-731EBE7ACEE6}.Debug|Any CPU.ActiveCfg = Debug|Any CPU
		{CD960150-F0BE-4A6F-A06E-731EBE7ACEE6}.Debug|Any CPU.Build.0 = Debug|Any CPU
		{CD960150-F0BE-4A6F-A06E-731EBE7ACEE6}.Release|Any CPU.ActiveCfg = Release|Any CPU
		{CD960150-F0BE-4A6F-A06E-731EBE7ACEE6}.Release|Any CPU.Build.0 = Release|Any CPU
		{25B71863-698D-4B83-B831-6DA9B8FF9E87}.Debug|Any CPU.ActiveCfg = Debug|Any CPU
		{25B71863-698D-4B83-B831-6DA9B8FF9E87}.Debug|Any CPU.Build.0 = Debug|Any CPU
		{25B71863-698D-4B83-B831-6DA9B8FF9E87}.Release|Any CPU.ActiveCfg = Release|Any CPU
		{25B71863-698D-4B83-B831-6DA9B8FF9E87}.Release|Any CPU.Build.0 = Release|Any CPU
		{3BD6CF62-E98F-404E-BF81-52A3C4EB6463}.Debug|Any CPU.ActiveCfg = Debug|Any CPU
		{3BD6CF62-E98F-404E-BF81-52A3C4EB6463}.Debug|Any CPU.Build.0 = Debug|Any CPU
		{3BD6CF62-E98F-404E-BF81-52A3C4EB6463}.Release|Any CPU.ActiveCfg = Release|Any CPU
		{3BD6CF62-E98F-404E-BF81-52A3C4EB6463}.Release|Any CPU.Build.0 = Release|Any CPU
	EndGlobalSection
	GlobalSection(SolutionProperties) = preSolution
		HideSolutionNode = FALSE
	EndGlobalSection
	GlobalSection(NestedProjects) = preSolution
		{EFC1F722-4390-49D6-8D8C-FC6671470919} = {02EA681E-C7D8-13C7-8484-4AC65E1B71E8}
		{B28BFEFC-E167-41C6-822A-A3889BF41DD2} = {EFC1F722-4390-49D6-8D8C-FC6671470919}
		{CD960150-F0BE-4A6F-A06E-731EBE7ACEE6} = {EFC1F722-4390-49D6-8D8C-FC6671470919}
		{25B71863-698D-4B83-B831-6DA9B8FF9E87} = {EFC1F722-4390-49D6-8D8C-FC6671470919}
		{3BD6CF62-E98F-404E-BF81-52A3C4EB6463} = {EFC1F722-4390-49D6-8D8C-FC6671470919}
	EndGlobalSection
	GlobalSection(ExtensibilityGlobals) = postSolution
		SolutionGuid = {2C8A40D9-55A4-4225-8BF0-F64AD4ACB1DC}
	EndGlobalSection
EndGlobal
